
Microsoft Visual Studio Solution File, Format Version 12.00
# Visual Studio 2013
VisualStudioVersion = 12.0.30723.0
MinimumVisualStudioVersion = 10.0.40219.1
Project("{FAE04EC0-301F-11D3-BF4B-00C04F79EFBC}") = "LGroup.SysAmigos.UI.Windows", "LGroup.SysAmigos.UI.Windows\LGroup.SysAmigos.UI.Windows.csproj", "{2394C8DE-43A8-4913-AB52-C5B0A5B7E418}"
EndProject
Global
	GlobalSection(SolutionConfigurationPlatforms) = preSolution
		Debug|Any CPU = Debug|Any CPU
		Release|Any CPU = Release|Any CPU
	EndGlobalSection
	GlobalSection(ProjectConfigurationPlatforms) = postSolution
		{2394C8DE-43A8-4913-AB52-C5B0A5B7E418}.Debug|Any CPU.ActiveCfg = Debug|Any CPU
		{2394C8DE-43A8-4913-AB52-C5B0A5B7E418}.Debug|Any CPU.Build.0 = Debug|Any CPU
		{2394C8DE-43A8-4913-AB52-C5B0A5B7E418}.Release|Any CPU.ActiveCfg = Release|Any CPU
		{2394C8DE-43A8-4913-AB52-C5B0A5B7E418}.Release|Any CPU.Build.0 = Release|Any CPU
	EndGlobalSection
	GlobalSection(SolutionProperties) = preSolution
		HideSolutionNode = FALSE
	EndGlobalSection
EndGlobal
