
Microsoft Visual Studio Solution File, Format Version 12.00
# Visual Studio 2013
VisualStudioVersion = 12.0.30110.0
MinimumVisualStudioVersion = 10.0.40219.1
Project("{FAE04EC0-301F-11D3-BF4B-00C04F79EFBC}") = "LGroup.SuperSisAmigos.UI.Web", "LGroup.SuperSisAmigos.UI.Web\LGroup.SuperSisAmigos.UI.Web.csproj", "{3CAF8EE1-76AC-4360-90C6-34C0929DA49E}"
EndProject
Project("{FAE04EC0-301F-11D3-BF4B-00C04F79EFBC}") = "LGroup.SuperSisAmigos.Model", "LGroup.SuperSisAmigos.Model\LGroup.SuperSisAmigos.Model.csproj", "{4B2D1DB7-D9C3-4DC9-8292-5BA841969132}"
EndProject
Project("{2150E333-8FDC-42A3-9474-1A3956D46DE8}") = "Telas", "Telas", "{7424B88C-5765-486C-8C3E-2CE79C7E4907}"
EndProject
Project("{2150E333-8FDC-42A3-9474-1A3956D46DE8}") = "Armazenamento de Dados", "Armazenamento de Dados", "{838D0BA4-DC05-4562-AC56-86913B87A881}"
EndProject
Project("{2150E333-8FDC-42A3-9474-1A3956D46DE8}") = "Banco de Dados", "Banco de Dados", "{32EBB0F9-7224-4252-AC05-CE51A0117FA2}"
EndProject
Project("{FAE04EC0-301F-11D3-BF4B-00C04F79EFBC}") = "LGroup.SuperSisAmigos.Repository", "LGroup.SuperSisAmigos.Repository\LGroup.SuperSisAmigos.Repository.csproj", "{F8C5309B-BFAE-4E1C-8779-0D494B660A25}"
EndProject
Project("{FAE04EC0-301F-11D3-BF4B-00C04F79EFBC}") = "LGroup.SuperSisAmigos.DataAccess", "LGroup.SuperSisAmigos.DataAccess\LGroup.SuperSisAmigos.DataAccess.csproj", "{4C3872A3-E1AE-4BEB-AAF1-B00EFDA23C8D}"
EndProject
Project("{2150E333-8FDC-42A3-9474-1A3956D46DE8}") = "Robo de Testes", "Robo de Testes", "{55FAA752-56E4-4E1C-B15D-8684326AE79B}"
EndProject
Project("{FAE04EC0-301F-11D3-BF4B-00C04F79EFBC}") = "LGroup.SuperSisAmigos.Test", "LGroup.SuperSisAmigos.Test\LGroup.SuperSisAmigos.Test.csproj", "{C7222DB1-C9F8-400D-BB47-021257C2086B}"
EndProject
Global
	GlobalSection(SolutionConfigurationPlatforms) = preSolution
		Debug|Any CPU = Debug|Any CPU
		Release|Any CPU = Release|Any CPU
	EndGlobalSection
	GlobalSection(ProjectConfigurationPlatforms) = postSolution
		{3CAF8EE1-76AC-4360-90C6-34C0929DA49E}.Debug|Any CPU.ActiveCfg = Debug|Any CPU
		{3CAF8EE1-76AC-4360-90C6-34C0929DA49E}.Debug|Any CPU.Build.0 = Debug|Any CPU
		{3CAF8EE1-76AC-4360-90C6-34C0929DA49E}.Release|Any CPU.ActiveCfg = Release|Any CPU
		{3CAF8EE1-76AC-4360-90C6-34C0929DA49E}.Release|Any CPU.Build.0 = Release|Any CPU
		{4B2D1DB7-D9C3-4DC9-8292-5BA841969132}.Debug|Any CPU.ActiveCfg = Debug|Any CPU
		{4B2D1DB7-D9C3-4DC9-8292-5BA841969132}.Debug|Any CPU.Build.0 = Debug|Any CPU
		{4B2D1DB7-D9C3-4DC9-8292-5BA841969132}.Release|Any CPU.ActiveCfg = Release|Any CPU
		{4B2D1DB7-D9C3-4DC9-8292-5BA841969132}.Release|Any CPU.Build.0 = Release|Any CPU
		{F8C5309B-BFAE-4E1C-8779-0D494B660A25}.Debug|Any CPU.ActiveCfg = Debug|Any CPU
		{F8C5309B-BFAE-4E1C-8779-0D494B660A25}.Debug|Any CPU.Build.0 = Debug|Any CPU
		{F8C5309B-BFAE-4E1C-8779-0D494B660A25}.Release|Any CPU.ActiveCfg = Release|Any CPU
		{F8C5309B-BFAE-4E1C-8779-0D494B660A25}.Release|Any CPU.Build.0 = Release|Any CPU
		{4C3872A3-E1AE-4BEB-AAF1-B00EFDA23C8D}.Debug|Any CPU.ActiveCfg = Debug|Any CPU
		{4C3872A3-E1AE-4BEB-AAF1-B00EFDA23C8D}.Debug|Any CPU.Build.0 = Debug|Any CPU
		{4C3872A3-E1AE-4BEB-AAF1-B00EFDA23C8D}.Release|Any CPU.ActiveCfg = Release|Any CPU
		{4C3872A3-E1AE-4BEB-AAF1-B00EFDA23C8D}.Release|Any CPU.Build.0 = Release|Any CPU
		{C7222DB1-C9F8-400D-BB47-021257C2086B}.Debug|Any CPU.ActiveCfg = Debug|Any CPU
		{C7222DB1-C9F8-400D-BB47-021257C2086B}.Debug|Any CPU.Build.0 = Debug|Any CPU
		{C7222DB1-C9F8-400D-BB47-021257C2086B}.Release|Any CPU.ActiveCfg = Release|Any CPU
		{C7222DB1-C9F8-400D-BB47-021257C2086B}.Release|Any CPU.Build.0 = Release|Any CPU
	EndGlobalSection
	GlobalSection(SolutionProperties) = preSolution
		HideSolutionNode = FALSE
	EndGlobalSection
	GlobalSection(NestedProjects) = preSolution
		{3CAF8EE1-76AC-4360-90C6-34C0929DA49E} = {7424B88C-5765-486C-8C3E-2CE79C7E4907}
		{4B2D1DB7-D9C3-4DC9-8292-5BA841969132} = {838D0BA4-DC05-4562-AC56-86913B87A881}
		{F8C5309B-BFAE-4E1C-8779-0D494B660A25} = {32EBB0F9-7224-4252-AC05-CE51A0117FA2}
		{4C3872A3-E1AE-4BEB-AAF1-B00EFDA23C8D} = {32EBB0F9-7224-4252-AC05-CE51A0117FA2}
		{C7222DB1-C9F8-400D-BB47-021257C2086B} = {55FAA752-56E4-4E1C-B15D-8684326AE79B}
	EndGlobalSection
EndGlobal
