
Microsoft Visual Studio Solution File, Format Version 12.00
# Visual Studio 2013
VisualStudioVersion = 12.0.21005.1
MinimumVisualStudioVersion = 10.0.40219.1
Project("{FAE04EC0-301F-11D3-BF4B-00C04F79EFBC}") = "LGroup.TemplateMethod.Model", "LGroup.TemplateMethod.Model\LGroup.TemplateMethod.Model.csproj", "{C2B586CB-A344-462F-A1D6-216CEDCF60DF}"
EndProject
Project("{FAE04EC0-301F-11D3-BF4B-00C04F79EFBC}") = "LGroup.TemplateMethod.Business", "LGroup.TemplateMethod.Business\LGroup.TemplateMethod.Business.csproj", "{98EA0156-4B55-4CCC-85D7-6CF5CF1406FD}"
EndProject
Project("{FAE04EC0-301F-11D3-BF4B-00C04F79EFBC}") = "LGroup.TemplateMethod.Test", "LGroup.TemplateMethod.Test\LGroup.TemplateMethod.Test.csproj", "{7B17E547-DDED-48CA-9FF0-E9743D1379BC}"
EndProject
Global
	GlobalSection(SolutionConfigurationPlatforms) = preSolution
		Debug|Any CPU = Debug|Any CPU
		Release|Any CPU = Release|Any CPU
	EndGlobalSection
	GlobalSection(ProjectConfigurationPlatforms) = postSolution
		{C2B586CB-A344-462F-A1D6-216CEDCF60DF}.Debug|Any CPU.ActiveCfg = Debug|Any CPU
		{C2B586CB-A344-462F-A1D6-216CEDCF60DF}.Debug|Any CPU.Build.0 = Debug|Any CPU
		{C2B586CB-A344-462F-A1D6-216CEDCF60DF}.Release|Any CPU.ActiveCfg = Release|Any CPU
		{C2B586CB-A344-462F-A1D6-216CEDCF60DF}.Release|Any CPU.Build.0 = Release|Any CPU
		{98EA0156-4B55-4CCC-85D7-6CF5CF1406FD}.Debug|Any CPU.ActiveCfg = Debug|Any CPU
		{98EA0156-4B55-4CCC-85D7-6CF5CF1406FD}.Debug|Any CPU.Build.0 = Debug|Any CPU
		{98EA0156-4B55-4CCC-85D7-6CF5CF1406FD}.Release|Any CPU.ActiveCfg = Release|Any CPU
		{98EA0156-4B55-4CCC-85D7-6CF5CF1406FD}.Release|Any CPU.Build.0 = Release|Any CPU
		{7B17E547-DDED-48CA-9FF0-E9743D1379BC}.Debug|Any CPU.ActiveCfg = Debug|Any CPU
		{7B17E547-DDED-48CA-9FF0-E9743D1379BC}.Debug|Any CPU.Build.0 = Debug|Any CPU
		{7B17E547-DDED-48CA-9FF0-E9743D1379BC}.Release|Any CPU.ActiveCfg = Release|Any CPU
		{7B17E547-DDED-48CA-9FF0-E9743D1379BC}.Release|Any CPU.Build.0 = Release|Any CPU
	EndGlobalSection
	GlobalSection(SolutionProperties) = preSolution
		HideSolutionNode = FALSE
	EndGlobalSection
EndGlobal
