
Microsoft Visual Studio Solution File, Format Version 12.00
# Visual Studio 2013
VisualStudioVersion = 12.0.40629.0
MinimumVisualStudioVersion = 10.0.40219.1
Project("{FAE04EC0-301F-11D3-BF4B-00C04F79EFBC}") = "LGroup.MVP.Model", "LGroup.MVP.Model\LGroup.MVP.Model.csproj", "{B0433436-32F1-490A-BCC9-61B11F10E668}"
EndProject
Project("{FAE04EC0-301F-11D3-BF4B-00C04F79EFBC}") = "LGroup.MVP.Presentation", "LGroup.MVP.Presentation\LGroup.MVP.Presentation.csproj", "{757F900B-2869-483B-95D4-27C466A9A1A7}"
EndProject
Project("{FAE04EC0-301F-11D3-BF4B-00C04F79EFBC}") = "LGroup.MVP.View", "LGroup.MVP.View\LGroup.MVP.View.csproj", "{20BAA618-8DDF-48E6-B5FE-AA04FBF5FC41}"
EndProject
Project("{FAE04EC0-301F-11D3-BF4B-00C04F79EFBC}") = "LGroup.MVP.Presenter", "LGroup.MVP.Presenter\LGroup.MVP.Presenter.csproj", "{0324C4D0-2D7F-4100-8380-E0E2CE01EB5D}"
EndProject
Global
	GlobalSection(SolutionConfigurationPlatforms) = preSolution
		Debug|Any CPU = Debug|Any CPU
		Release|Any CPU = Release|Any CPU
	EndGlobalSection
	GlobalSection(ProjectConfigurationPlatforms) = postSolution
		{B0433436-32F1-490A-BCC9-61B11F10E668}.Debug|Any CPU.ActiveCfg = Debug|Any CPU
		{B0433436-32F1-490A-BCC9-61B11F10E668}.Debug|Any CPU.Build.0 = Debug|Any CPU
		{B0433436-32F1-490A-BCC9-61B11F10E668}.Release|Any CPU.ActiveCfg = Release|Any CPU
		{B0433436-32F1-490A-BCC9-61B11F10E668}.Release|Any CPU.Build.0 = Release|Any CPU
		{757F900B-2869-483B-95D4-27C466A9A1A7}.Debug|Any CPU.ActiveCfg = Debug|Any CPU
		{757F900B-2869-483B-95D4-27C466A9A1A7}.Debug|Any CPU.Build.0 = Debug|Any CPU
		{757F900B-2869-483B-95D4-27C466A9A1A7}.Release|Any CPU.ActiveCfg = Release|Any CPU
		{757F900B-2869-483B-95D4-27C466A9A1A7}.Release|Any CPU.Build.0 = Release|Any CPU
		{20BAA618-8DDF-48E6-B5FE-AA04FBF5FC41}.Debug|Any CPU.ActiveCfg = Debug|Any CPU
		{20BAA618-8DDF-48E6-B5FE-AA04FBF5FC41}.Debug|Any CPU.Build.0 = Debug|Any CPU
		{20BAA618-8DDF-48E6-B5FE-AA04FBF5FC41}.Release|Any CPU.ActiveCfg = Release|Any CPU
		{20BAA618-8DDF-48E6-B5FE-AA04FBF5FC41}.Release|Any CPU.Build.0 = Release|Any CPU
		{0324C4D0-2D7F-4100-8380-E0E2CE01EB5D}.Debug|Any CPU.ActiveCfg = Debug|Any CPU
		{0324C4D0-2D7F-4100-8380-E0E2CE01EB5D}.Debug|Any CPU.Build.0 = Debug|Any CPU
		{0324C4D0-2D7F-4100-8380-E0E2CE01EB5D}.Release|Any CPU.ActiveCfg = Release|Any CPU
		{0324C4D0-2D7F-4100-8380-E0E2CE01EB5D}.Release|Any CPU.Build.0 = Release|Any CPU
	EndGlobalSection
	GlobalSection(SolutionProperties) = preSolution
		HideSolutionNode = FALSE
	EndGlobalSection
EndGlobal
