
Microsoft Visual Studio Solution File, Format Version 12.00
# Visual Studio 2013
VisualStudioVersion = 12.0.40629.0
MinimumVisualStudioVersion = 10.0.40219.1
Project("{FAE04EC0-301F-11D3-BF4B-00C04F79EFBC}") = "LGroup.DataAccessObject.Model", "LGroup.DataAccessObject.Model\LGroup.DataAccessObject.Model.csproj", "{E489D080-D6DC-4E31-92F7-B24233F7DC27}"
EndProject
Project("{FAE04EC0-301F-11D3-BF4B-00C04F79EFBC}") = "LGroup.DataAccessObject.DataAccessLayer", "LGroup.DataAccessObject.DataAccessLayer\LGroup.DataAccessObject.DataAccessLayer.csproj", "{95F454A1-D266-4B4C-8A85-BEB78085008B}"
EndProject
Project("{FAE04EC0-301F-11D3-BF4B-00C04F79EFBC}") = "LGroup.DataAccessObject.Test", "LGroup.DataAccessObject.Test\LGroup.DataAccessObject.Test.csproj", "{507EBFC8-F972-4CF7-B8F0-3D6C747F2CA8}"
EndProject
Global
	GlobalSection(SolutionConfigurationPlatforms) = preSolution
		Debug|Any CPU = Debug|Any CPU
		Release|Any CPU = Release|Any CPU
	EndGlobalSection
	GlobalSection(ProjectConfigurationPlatforms) = postSolution
		{E489D080-D6DC-4E31-92F7-B24233F7DC27}.Debug|Any CPU.ActiveCfg = Debug|Any CPU
		{E489D080-D6DC-4E31-92F7-B24233F7DC27}.Debug|Any CPU.Build.0 = Debug|Any CPU
		{E489D080-D6DC-4E31-92F7-B24233F7DC27}.Release|Any CPU.ActiveCfg = Release|Any CPU
		{E489D080-D6DC-4E31-92F7-B24233F7DC27}.Release|Any CPU.Build.0 = Release|Any CPU
		{95F454A1-D266-4B4C-8A85-BEB78085008B}.Debug|Any CPU.ActiveCfg = Debug|Any CPU
		{95F454A1-D266-4B4C-8A85-BEB78085008B}.Debug|Any CPU.Build.0 = Debug|Any CPU
		{95F454A1-D266-4B4C-8A85-BEB78085008B}.Release|Any CPU.ActiveCfg = Release|Any CPU
		{95F454A1-D266-4B4C-8A85-BEB78085008B}.Release|Any CPU.Build.0 = Release|Any CPU
		{507EBFC8-F972-4CF7-B8F0-3D6C747F2CA8}.Debug|Any CPU.ActiveCfg = Debug|Any CPU
		{507EBFC8-F972-4CF7-B8F0-3D6C747F2CA8}.Debug|Any CPU.Build.0 = Debug|Any CPU
		{507EBFC8-F972-4CF7-B8F0-3D6C747F2CA8}.Release|Any CPU.ActiveCfg = Release|Any CPU
		{507EBFC8-F972-4CF7-B8F0-3D6C747F2CA8}.Release|Any CPU.Build.0 = Release|Any CPU
	EndGlobalSection
	GlobalSection(SolutionProperties) = preSolution
		HideSolutionNode = FALSE
	EndGlobalSection
EndGlobal
